
Microsoft Visual Studio Solution File, Format Version 12.00
# Visual Studio Version 17
VisualStudioVersion = 17.6.33712.159
MinimumVisualStudioVersion = 10.0.40219.1
Project("{8BC9CEB8-8B4A-11D0-8D11-00A0C91BC942}") = "HomeWork19", "HomeWork19\HomeWork19.vcxproj", "{A051B1C4-D4C9-4D44-8725-A0F780298396}"
EndProject
Global
	GlobalSection(SolutionConfigurationPlatforms) = preSolution
		Debug|x64 = Debug|x64
		Debug|x86 = Debug|x86
		Release|x64 = Release|x64
		Release|x86 = Release|x86
	EndGlobalSection
	GlobalSection(ProjectConfigurationPlatforms) = postSolution
		{A051B1C4-D4C9-4D44-8725-A0F780298396}.Debug|x64.ActiveCfg = Debug|x64
		{A051B1C4-D4C9-4D44-8725-A0F780298396}.Debug|x64.Build.0 = Debug|x64
		{A051B1C4-D4C9-4D44-8725-A0F780298396}.Debug|x86.ActiveCfg = Debug|Win32
		{A051B1C4-D4C9-4D44-8725-A0F780298396}.Debug|x86.Build.0 = Debug|Win32
		{A051B1C4-D4C9-4D44-8725-A0F780298396}.Release|x64.ActiveCfg = Release|x64
		{A051B1C4-D4C9-4D44-8725-A0F780298396}.Release|x64.Build.0 = Release|x64
		{A051B1C4-D4C9-4D44-8725-A0F780298396}.Release|x86.ActiveCfg = Release|Win32
		{A051B1C4-D4C9-4D44-8725-A0F780298396}.Release|x86.Build.0 = Release|Win32
	EndGlobalSection
	GlobalSection(SolutionProperties) = preSolution
		HideSolutionNode = FALSE
	EndGlobalSection
	GlobalSection(ExtensibilityGlobals) = postSolution
		SolutionGuid = {13A720C6-A8C3-47B4-9105-A24E361C4B39}
	EndGlobalSection
EndGlobal
